id: isdbt_byte_interleaver
label: Byte Interleaver
category: '[isdbt]'

templates:
  imports: import gnuradio.isdbt as isdbt
  make: isdbt.byte_interleaver(${mode}, ${constellation_size}, ${rate}, ${nsegments})

parameters:
- id: mode  
  label: Transmission Mode
  dtype: enum
  options: ['1','2','3']
  option_labels: [MODE1 (2K), MODE2 (4K), MODE3 (8K)]
  default: '3'
- id: nsegments
  label: Layer Segments
  dtype: int
- id: constellation_size
  label: Layer Modulation Scheme
  dtype: enum
  options: ['4', '16', '64']
  option_labels: [QPSK, 16QAM, 64QAM]
- id: rate
  label: rate
  dtype: enum
  options: ['0', '1', '2', '3', '4']
  option_labels: [1/2, 2/3, 3/4, 5/6, 7/8]

inputs:
- label: in
  domain: stream  
  dtype: byte
  vlen: 204
  optional: 0

outputs:
- label: out
  domain: stream  
  dtype: byte
  #vlen: ...
  optional: 0

#  'file_format' specifies the version of the GRC yml format used in the file
#  and should usually not be changed.
file_format: 1

